{
  "name": "net.gcsolutions.lmsqc1",
  "version": "1.0.0",
  "lockfileVersion": 2,
  "requires": true,
  "packages": {
    "": {
      "name": "net.gcsolutions.lmsqc1",
      "version": "1.0.0",
      "license": "Apache-2.0",
      "devDependencies": {
        "cordova-android": "^6.2.0",
        "cordova-plugin-browsertab": "^0.2.0",
        "cordova-plugin-compat": "^1.2.0",
        "cordova-plugin-deeplinks": "^1.1.1",
        "cordova-plugin-whitelist": "^1.3.5"
      }
    },
    "node_modules/balanced-match": {
      "version": "1.0.2",
      "resolved": "https://registry.npmjs.org/balanced-match/-/balanced-match-1.0.2.tgz",
      "integrity": "sha512-3oSeUO0TMV67hN1AmbXsK4yaqU7tjiHlbxRDZOpH0KW9+CeX4bRAaX0Anxt0tx2MrpRpWwQaPwIlISEJhYU5Pw==",
      "dev": true
    },
    "node_modules/base64-js": {
      "version": "1.5.1",
      "resolved": "https://registry.npmjs.org/base64-js/-/base64-js-1.5.1.tgz",
      "integrity": "sha512-AKpaYlHn8t4SVbOHCy+b5+KKgvR4vrsD8vbvrbiQJps7fKDTkjkDry6ji0rUJjC0kzbNePLwzxq8iypo41qeWA==",
      "dev": true,
      "funding": [
        {
          "type": "github",
          "url": "https://github.com/sponsors/feross"
        },
        {
          "type": "patreon",
          "url": "https://www.patreon.com/feross"
        },
        {
          "type": "consulting",
          "url": "https://feross.org/support"
        }
      ]
    },
    "node_modules/brace-expansion": {
      "version": "1.1.11",
      "resolved": "https://registry.npmjs.org/brace-expansion/-/brace-expansion-1.1.11.tgz",
      "integrity": "sha512-iCuPHDFgrHX7H2vEI/5xpz07zSHB00TpugqhmYtVmMO6518mCuRMoOYFldEBl0g187ufozdaHgWKcYFb61qGiA==",
      "dev": true,
      "dependencies": {
        "balanced-match": "^1.0.0",
        "concat-map": "0.0.1"
      }
    },
    "node_modules/concat-map": {
      "version": "0.0.1",
      "resolved": "https://registry.npmjs.org/concat-map/-/concat-map-0.0.1.tgz",
      "integrity": "sha512-/Srv4dswyQNBfohGpz9o6Yb3Gz3SrUDqBH5rTuhGR7ahtlbYKnVxw2bCFMRljaA7EXHaXZ8wsHdodFvbkhKmqg==",
      "dev": true
    },
    "node_modules/cordova-android": {
      "version": "6.2.0",
      "resolved": "https://registry.npmjs.org/cordova-android/-/cordova-android-6.2.0.tgz",
      "integrity": "sha512-zb15XtlFM5Jk539rM3vUPm2ftyfqslI4MAn3HxMvQTMEyjaZV89u7KAFDfpuajHzkebnto6TTYXqd7jjNRh3AQ==",
      "bundleDependencies": [
        "cordova-common",
        "elementtree",
        "nopt",
        "properties-parser",
        "q",
        "shelljs"
      ],
      "dev": true,
      "dependencies": {
        "cordova-common": "^2.0.1",
        "elementtree": "^0.1.6",
        "nopt": "^3.0.1",
        "properties-parser": "^0.2.3",
        "q": "^1.4.1",
        "shelljs": "^0.5.3"
      },
      "bin": {
        "create": "bin/create"
      }
    },
    "node_modules/cordova-android/node_modules/abbrev": {
      "version": "1.1.0",
      "dev": true,
      "inBundle": true,
      "license": "ISC"
    },
    "node_modules/cordova-android/node_modules/ansi": {
      "version": "0.3.1",
      "dev": true,
      "inBundle": true,
      "license": "MIT"
    },
    "node_modules/cordova-android/node_modules/balanced-match": {
      "version": "0.4.2",
      "dev": true,
      "inBundle": true,
      "license": "MIT"
    },
    "node_modules/cordova-android/node_modules/base64-js": {
      "version": "0.0.8",
      "dev": true,
      "inBundle": true,
      "license": "MIT",
      "engines": {
        "node": ">= 0.4"
      }
    },
    "node_modules/cordova-android/node_modules/big-integer": {
      "version": "1.6.17",
      "dev": true,
      "inBundle": true,
      "license": "Unlicense",
      "engines": {
        "node": ">=0.6"
      }
    },
    "node_modules/cordova-android/node_modules/bplist-parser": {
      "version": "0.1.1",
      "dev": true,
      "inBundle": true,
      "license": "MIT",
      "dependencies": {
        "big-integer": "^1.6.7"
      }
    },
    "node_modules/cordova-android/node_modules/brace-expansion": {
      "version": "1.1.6",
      "dev": true,
      "inBundle": true,
      "license": "MIT",
      "dependencies": {
        "balanced-match": "^0.4.1",
        "concat-map": "0.0.1"
      }
    },
    "node_modules/cordova-android/node_modules/concat-map": {
      "version": "0.0.1",
      "dev": true,
      "inBundle": true,
      "license": "MIT"
    },
    "node_modules/cordova-android/node_modules/cordova-common": {
      "version": "2.0.1",
      "dev": true,
      "inBundle": true,
      "license": "Apache-2.0",
      "dependencies": {
        "ansi": "^0.3.1",
        "bplist-parser": "^0.1.0",
        "cordova-registry-mapper": "^1.1.8",
        "elementtree": "^0.1.6",
        "glob": "^5.0.13",
        "minimatch": "^3.0.0",
        "osenv": "^0.1.3",
        "plist": "^1.2.0",
        "q": "^1.4.1",
        "semver": "^5.0.1",
        "shelljs": "^0.5.3",
        "underscore": "^1.8.3",
        "unorm": "^1.3.3"
      },
      "engines": {
        "node": ">=0.9.9"
      }
    },
    "node_modules/cordova-android/node_modules/cordova-registry-mapper": {
      "version": "1.1.15",
      "dev": true,
      "inBundle": true,
      "license": "Apache version 2.0"
    },
    "node_modules/cordova-android/node_modules/elementtree": {
      "version": "0.1.7",
      "dev": true,
      "inBundle": true,
      "license": "Apache-2.0",
      "dependencies": {
        "sax": "1.1.4"
      },
      "engines": {
        "node": ">= 0.4.0"
      }
    },
    "node_modules/cordova-android/node_modules/glob": {
      "version": "5.0.15",
      "dev": true,
      "inBundle": true,
      "license": "ISC",
      "dependencies": {
        "inflight": "^1.0.4",
        "inherits": "2",
        "minimatch": "2 || 3",
        "once": "^1.3.0",
        "path-is-absolute": "^1.0.0"
      },
      "engines": {
        "node": "*"
      }
    },
    "node_modules/cordova-android/node_modules/inflight": {
      "version": "1.0.6",
      "dev": true,
      "inBundle": true,
      "license": "ISC",
      "dependencies": {
        "once": "^1.3.0",
        "wrappy": "1"
      }
    },
    "node_modules/cordova-android/node_modules/inherits": {
      "version": "2.0.3",
      "dev": true,
      "inBundle": true,
      "license": "ISC"
    },
    "node_modules/cordova-android/node_modules/lodash": {
      "version": "3.10.1",
      "dev": true,
      "inBundle": true,
      "license": "MIT"
    },
    "node_modules/cordova-android/node_modules/minimatch": {
      "version": "3.0.3",
      "dev": true,
      "inBundle": true,
      "license": "ISC",
      "dependencies": {
        "brace-expansion": "^1.0.0"
      },
      "engines": {
        "node": "*"
      }
    },
    "node_modules/cordova-android/node_modules/nopt": {
      "version": "3.0.6",
      "dev": true,
      "inBundle": true,
      "license": "ISC",
      "dependencies": {
        "abbrev": "1"
      },
      "bin": {
        "nopt": "bin/nopt.js"
      }
    },
    "node_modules/cordova-android/node_modules/once": {
      "version": "1.4.0",
      "dev": true,
      "inBundle": true,
      "license": "ISC",
      "dependencies": {
        "wrappy": "1"
      }
    },
    "node_modules/cordova-android/node_modules/os-homedir": {
      "version": "1.0.2",
      "dev": true,
      "inBundle": true,
      "license": "MIT",
      "engines": {
        "node": ">=0.10.0"
      }
    },
    "node_modules/cordova-android/node_modules/os-tmpdir": {
      "version": "1.0.2",
      "dev": true,
      "inBundle": true,
      "license": "MIT",
      "engines": {
        "node": ">=0.10.0"
      }
    },
    "node_modules/cordova-android/node_modules/osenv": {
      "version": "0.1.4",
      "dev": true,
      "inBundle": true,
      "license": "ISC",
      "dependencies": {
        "os-homedir": "^1.0.0",
        "os-tmpdir": "^1.0.0"
      }
    },
    "node_modules/cordova-android/node_modules/path-is-absolute": {
      "version": "1.0.1",
      "dev": true,
      "inBundle": true,
      "license": "MIT",
      "engines": {
        "node": ">=0.10.0"
      }
    },
    "node_modules/cordova-android/node_modules/plist": {
      "version": "1.2.0",
      "dev": true,
      "inBundle": true,
      "license": "MIT",
      "dependencies": {
        "base64-js": "0.0.8",
        "util-deprecate": "1.0.2",
        "xmlbuilder": "4.0.0",
        "xmldom": "0.1.x"
      }
    },
    "node_modules/cordova-android/node_modules/properties-parser": {
      "version": "0.2.3",
      "dev": true,
      "inBundle": true,
      "engines": {
        "node": ">= 0.3.1"
      }
    },
    "node_modules/cordova-android/node_modules/q": {
      "version": "1.5.0",
      "dev": true,
      "inBundle": true,
      "license": "MIT",
      "engines": {
        "node": ">=0.6.0",
        "teleport": ">=0.2.0"
      }
    },
    "node_modules/cordova-android/node_modules/sax": {
      "version": "1.1.4",
      "dev": true,
      "inBundle": true,
      "license": "ISC"
    },
    "node_modules/cordova-android/node_modules/semver": {
      "version": "5.3.0",
      "dev": true,
      "inBundle": true,
      "license": "ISC",
      "bin": {
        "semver": "bin/semver"
      }
    },
    "node_modules/cordova-android/node_modules/shelljs": {
      "version": "0.5.3",
      "dev": true,
      "inBundle": true,
      "license": "BSD*",
      "bin": {
        "shjs": "bin/shjs"
      },
      "engines": {
        "node": ">=0.8.0"
      }
    },
    "node_modules/cordova-android/node_modules/underscore": {
      "version": "1.8.3",
      "dev": true,
      "inBundle": true,
      "license": "MIT"
    },
    "node_modules/cordova-android/node_modules/unorm": {
      "version": "1.4.1",
      "dev": true,
      "inBundle": true,
      "license": "MIT or GPL-2.0",
      "engines": {
        "node": ">= 0.4.0"
      }
    },
    "node_modules/cordova-android/node_modules/util-deprecate": {
      "version": "1.0.2",
      "dev": true,
      "inBundle": true,
      "license": "MIT"
    },
    "node_modules/cordova-android/node_modules/wrappy": {
      "version": "1.0.2",
      "dev": true,
      "inBundle": true,
      "license": "ISC"
    },
    "node_modules/cordova-android/node_modules/xmlbuilder": {
      "version": "4.0.0",
      "dev": true,
      "inBundle": true,
      "license": "MIT",
      "dependencies": {
        "lodash": "^3.5.0"
      },
      "engines": {
        "node": ">=0.8.0"
      }
    },
    "node_modules/cordova-android/node_modules/xmldom": {
      "version": "0.1.27",
      "dev": true,
      "inBundle": true,
      "engines": {
        "node": ">=0.1"
      }
    },
    "node_modules/cordova-plugin-browsertab": {
      "version": "0.2.0",
      "resolved": "https://registry.npmjs.org/cordova-plugin-browsertab/-/cordova-plugin-browsertab-0.2.0.tgz",
      "integrity": "sha512-c89xQKLRouX/r4UUxh0Ug0Lvn2ww7+mi9ueWDPAMIEniL0vOVTq94De3r75o5+bHewaExZ0Wy+0Op1+ZTSarVQ==",
      "dev": true
    },
    "node_modules/cordova-plugin-compat": {
      "version": "1.2.0",
      "resolved": "https://registry.npmjs.org/cordova-plugin-compat/-/cordova-plugin-compat-1.2.0.tgz",
      "integrity": "sha512-TYN/aPjuU845R+7l2vUxmLji3Y4Y1kJrvPvi+GlPQ+jTIsfiVSL//PMvKEr9SC7m6b7t0LUMoJN3Fng0s8giGQ==",
      "dev": true,
      "engines": {
        "cordovaDependencies": {
          "<1.2.0": {
            "cordova": ">=5.0.0"
          },
          ">=1.2.0": {
            "cordova": ">=5.0.0",
            "cordova-android": "<6.3.0"
          }
        }
      }
    },
    "node_modules/cordova-plugin-deeplinks": {
      "version": "1.1.1",
      "resolved": "https://registry.npmjs.org/cordova-plugin-deeplinks/-/cordova-plugin-deeplinks-1.1.1.tgz",
      "integrity": "sha512-njXvQj7OOF8t7/jYsUjJ3TA/5d7J4RNzgX93ZQoNhJ2/Ta3k7N5/AubR0a+UJ2F6/7c3U7oh4UgcXHwTqxA+ew==",
      "dev": true,
      "dependencies": {
        "mkpath": ">=1.0.0",
        "node-version-compare": ">=1.0.1",
        "plist": ">=1.2.0",
        "rimraf": ">=2.4",
        "xml2js": ">=0.4"
      },
      "engines": {
        "cordova-android": ">=4",
        "cordova-ios": ">=3.8"
      }
    },
    "node_modules/cordova-plugin-whitelist": {
      "version": "1.3.5",
      "resolved": "https://registry.npmjs.org/cordova-plugin-whitelist/-/cordova-plugin-whitelist-1.3.5.tgz",
      "integrity": "sha512-+v/VzCYBdGsIxJTP2m+RWaq7l/NLu7b976w6XGJUFiN2TVOeaGrytaR4jRy0w9akRai8uKFeBmuGHmlS/sOeCA==",
      "dev": true,
      "engines": {
        "cordovaDependencies": {
          "0.0.0": {
            "cordova-android": ">=4.0.0"
          },
          "1.3.5": {
            "cordova-android": ">=4.0.0 <10.0.0"
          }
        }
      }
    },
    "node_modules/fs.realpath": {
      "version": "1.0.0",
      "resolved": "https://registry.npmjs.org/fs.realpath/-/fs.realpath-1.0.0.tgz",
      "integrity": "sha512-OO0pH2lK6a0hZnAdau5ItzHPI6pUlvI7jMVnxUQRtw4owF2wk8lOSabtGDCTP4Ggrg2MbGnWO9X8K1t4+fGMDw==",
      "dev": true
    },
    "node_modules/glob": {
      "version": "7.2.3",
      "resolved": "https://registry.npmjs.org/glob/-/glob-7.2.3.tgz",
      "integrity": "sha512-nFR0zLpU2YCaRxwoCJvL6UvCH2JFyFVIvwTLsIf21AuHlMskA1hhTdk+LlYJtOlYt9v6dvszD2BGRqBL+iQK9Q==",
      "dev": true,
      "dependencies": {
        "fs.realpath": "^1.0.0",
        "inflight": "^1.0.4",
        "inherits": "2",
        "minimatch": "^3.1.1",
        "once": "^1.3.0",
        "path-is-absolute": "^1.0.0"
      },
      "engines": {
        "node": "*"
      },
      "funding": {
        "url": "https://github.com/sponsors/isaacs"
      }
    },
    "node_modules/inflight": {
      "version": "1.0.6",
      "resolved": "https://registry.npmjs.org/inflight/-/inflight-1.0.6.tgz",
      "integrity": "sha512-k92I/b08q4wvFscXCLvqfsHCrjrF7yiXsQuIVvVE7N82W3+aqpzuUdBbfhWcy/FZR3/4IgflMgKLOsvPDrGCJA==",
      "dev": true,
      "dependencies": {
        "once": "^1.3.0",
        "wrappy": "1"
      }
    },
    "node_modules/inherits": {
      "version": "2.0.4",
      "resolved": "https://registry.npmjs.org/inherits/-/inherits-2.0.4.tgz",
      "integrity": "sha512-k/vGaX4/Yla3WzyMCvTQOXYeIHvqOKtnqBduzTHpzpQZzAskKMhZ2K+EnBiSM9zGSoIFeMpXKxa4dYeZIQqewQ==",
      "dev": true
    },
    "node_modules/minimatch": {
      "version": "3.1.2",
      "resolved": "https://registry.npmjs.org/minimatch/-/minimatch-3.1.2.tgz",
      "integrity": "sha512-J7p63hRiAjw1NDEww1W7i37+ByIrOWO5XQQAzZ3VOcL0PNybwpfmV/N05zFAzwQ9USyEcX6t3UO+K5aqBQOIHw==",
      "dev": true,
      "dependencies": {
        "brace-expansion": "^1.1.7"
      },
      "engines": {
        "node": "*"
      }
    },
    "node_modules/mkpath": {
      "version": "1.0.0",
      "resolved": "https://registry.npmjs.org/mkpath/-/mkpath-1.0.0.tgz",
      "integrity": "sha512-PbNHr7Y/9Y/2P5pKFv5XOGBfNQqZ+fdiHWcuf7swLACN5ZW5LU7J5tMU8LSBjpluAxAxKYGD9nnaIbdRy9+m1w==",
      "dev": true
    },
    "node_modules/node-version-compare": {
      "version": "1.0.3",
      "resolved": "https://registry.npmjs.org/node-version-compare/-/node-version-compare-1.0.3.tgz",
      "integrity": "sha512-unO5GpBAh5YqeGULMLpmDT94oanSDMwtZB8KHTKCH/qrGv8bHN0mlDj9xQDAicCYXv2OLnzdi67lidCrcVotVw==",
      "dev": true
    },
    "node_modules/once": {
      "version": "1.4.0",
      "resolved": "https://registry.npmjs.org/once/-/once-1.4.0.tgz",
      "integrity": "sha512-lNaJgI+2Q5URQBkccEKHTQOPaXdUxnZZElQTZY0MFUAuaEqe1E+Nyvgdz/aIyNi6Z9MzO5dv1H8n58/GELp3+w==",
      "dev": true,
      "dependencies": {
        "wrappy": "1"
      }
    },
    "node_modules/path-is-absolute": {
      "version": "1.0.1",
      "resolved": "https://registry.npmjs.org/path-is-absolute/-/path-is-absolute-1.0.1.tgz",
      "integrity": "sha512-AVbw3UJ2e9bq64vSaS9Am0fje1Pa8pbGqTTsmXfaIiMpnr5DlDhfJOuLj9Sf95ZPVDAUerDfEk88MPmPe7UCQg==",
      "dev": true,
      "engines": {
        "node": ">=0.10.0"
      }
    },
    "node_modules/plist": {
      "version": "3.0.5",
      "resolved": "https://registry.npmjs.org/plist/-/plist-3.0.5.tgz",
      "integrity": "sha512-83vX4eYdQp3vP9SxuYgEM/G/pJQqLUz/V/xzPrzruLs7fz7jxGQ1msZ/mg1nwZxUSuOp4sb+/bEIbRrbzZRxDA==",
      "dev": true,
      "dependencies": {
        "base64-js": "^1.5.1",
        "xmlbuilder": "^9.0.7"
      },
      "engines": {
        "node": ">=6"
      }
    },
    "node_modules/rimraf": {
      "version": "3.0.2",
      "resolved": "https://registry.npmjs.org/rimraf/-/rimraf-3.0.2.tgz",
      "integrity": "sha512-JZkJMZkAGFFPP2YqXZXPbMlMBgsxzE8ILs4lMIX/2o0L9UBw9O/Y3o6wFw/i9YLapcUJWwqbi3kdxIPdC62TIA==",
      "dev": true,
      "dependencies": {
        "glob": "^7.1.3"
      },
      "bin": {
        "rimraf": "bin.js"
      },
      "funding": {
        "url": "https://github.com/sponsors/isaacs"
      }
    },
    "node_modules/sax": {
      "version": "1.2.4",
      "resolved": "https://registry.npmjs.org/sax/-/sax-1.2.4.tgz",
      "integrity": "sha512-NqVDv9TpANUjFm0N8uM5GxL36UgKi9/atZw+x7YFnQ8ckwFGKrl4xX4yWtrey3UJm5nP1kUbnYgLopqWNSRhWw==",
      "dev": true
    },
    "node_modules/wrappy": {
      "version": "1.0.2",
      "resolved": "https://registry.npmjs.org/wrappy/-/wrappy-1.0.2.tgz",
      "integrity": "sha512-l4Sp/DRseor9wL6EvV2+TuQn63dMkPjZ/sp9XkghTEbV9KlPS1xUsZ3u7/IQO4wxtcFB4bgpQPRcR3QCvezPcQ==",
      "dev": true
    },
    "node_modules/xml2js": {
      "version": "0.4.23",
      "resolved": "https://registry.npmjs.org/xml2js/-/xml2js-0.4.23.tgz",
      "integrity": "sha512-ySPiMjM0+pLDftHgXY4By0uswI3SPKLDw/i3UXbnO8M/p28zqexCUoPmQFrYD+/1BzhGJSs2i1ERWKJAtiLrug==",
      "dev": true,
      "dependencies": {
        "sax": ">=0.6.0",
        "xmlbuilder": "~11.0.0"
      },
      "engines": {
        "node": ">=4.0.0"
      }
    },
    "node_modules/xml2js/node_modules/xmlbuilder": {
      "version": "11.0.1",
      "resolved": "https://registry.npmjs.org/xmlbuilder/-/xmlbuilder-11.0.1.tgz",
      "integrity": "sha512-fDlsI/kFEx7gLvbecc0/ohLG50fugQp8ryHzMTuW9vSa1GJ0XYWKnhsUx7oie3G98+r56aTQIUB4kht42R3JvA==",
      "dev": true,
      "engines": {
        "node": ">=4.0"
      }
    },
    "node_modules/xmlbuilder": {
      "version": "9.0.7",
      "resolved": "https://registry.npmjs.org/xmlbuilder/-/xmlbuilder-9.0.7.tgz",
      "integrity": "sha512-7YXTQc3P2l9+0rjaUbLwMKRhtmwg1M1eDf6nag7urC7pIPYLD9W/jmzQ4ptRSUbodw5S0jfoGTflLemQibSpeQ==",
      "dev": true,
      "engines": {
        "node": ">=4.0"
      }
    }
  },
  "dependencies": {
    "balanced-match": {
      "version": "1.0.2",
      "resolved": "https://registry.npmjs.org/balanced-match/-/balanced-match-1.0.2.tgz",
      "integrity": "sha512-3oSeUO0TMV67hN1AmbXsK4yaqU7tjiHlbxRDZOpH0KW9+CeX4bRAaX0Anxt0tx2MrpRpWwQaPwIlISEJhYU5Pw==",
      "dev": true
    },
    "base64-js": {
      "version": "1.5.1",
      "resolved": "https://registry.npmjs.org/base64-js/-/base64-js-1.5.1.tgz",
      "integrity": "sha512-AKpaYlHn8t4SVbOHCy+b5+KKgvR4vrsD8vbvrbiQJps7fKDTkjkDry6ji0rUJjC0kzbNePLwzxq8iypo41qeWA==",
      "dev": true
    },
    "brace-expansion": {
      "version": "1.1.11",
      "resolved": "https://registry.npmjs.org/brace-expansion/-/brace-expansion-1.1.11.tgz",
      "integrity": "sha512-iCuPHDFgrHX7H2vEI/5xpz07zSHB00TpugqhmYtVmMO6518mCuRMoOYFldEBl0g187ufozdaHgWKcYFb61qGiA==",
      "dev": true,
      "requires": {
        "balanced-match": "^1.0.0",
        "concat-map": "0.0.1"
      }
    },
    "concat-map": {
      "version": "0.0.1",
      "resolved": "https://registry.npmjs.org/concat-map/-/concat-map-0.0.1.tgz",
      "integrity": "sha512-/Srv4dswyQNBfohGpz9o6Yb3Gz3SrUDqBH5rTuhGR7ahtlbYKnVxw2bCFMRljaA7EXHaXZ8wsHdodFvbkhKmqg==",
      "dev": true
    },
    "cordova-android": {
      "version": "6.2.0",
      "resolved": "https://registry.npmjs.org/cordova-android/-/cordova-android-6.2.0.tgz",
      "integrity": "sha512-zb15XtlFM5Jk539rM3vUPm2ftyfqslI4MAn3HxMvQTMEyjaZV89u7KAFDfpuajHzkebnto6TTYXqd7jjNRh3AQ==",
      "dev": true,
      "requires": {
        "cordova-common": "^2.0.1",
        "elementtree": "^0.1.6",
        "nopt": "^3.0.1",
        "properties-parser": "^0.2.3",
        "q": "^1.4.1",
        "shelljs": "^0.5.3"
      },
      "dependencies": {
        "abbrev": {
          "version": "1.1.0",
          "bundled": true,
          "dev": true
        },
        "ansi": {
          "version": "0.3.1",
          "bundled": true,
          "dev": true
        },
        "balanced-match": {
          "version": "0.4.2",
          "bundled": true,
          "dev": true
        },
        "base64-js": {
          "version": "0.0.8",
          "bundled": true,
          "dev": true
        },
        "big-integer": {
          "version": "1.6.17",
          "bundled": true,
          "dev": true
        },
        "bplist-parser": {
          "version": "0.1.1",
          "bundled": true,
          "dev": true,
          "requires": {
            "big-integer": "^1.6.7"
          }
        },
        "brace-expansion": {
          "version": "1.1.6",
          "bundled": true,
          "dev": true,
          "requires": {
            "balanced-match": "^0.4.1",
            "concat-map": "0.0.1"
          }
        },
        "concat-map": {
          "version": "0.0.1",
          "bundled": true,
          "dev": true
        },
        "cordova-common": {
          "version": "2.0.1",
          "bundled": true,
          "dev": true,
          "requires": {
            "ansi": "^0.3.1",
            "bplist-parser": "^0.1.0",
            "cordova-registry-mapper": "^1.1.8",
            "elementtree": "^0.1.6",
            "glob": "^5.0.13",
            "minimatch": "^3.0.0",
            "osenv": "^0.1.3",
            "plist": "^1.2.0",
            "q": "^1.4.1",
            "semver": "^5.0.1",
            "shelljs": "^0.5.3",
            "underscore": "^1.8.3",
            "unorm": "^1.3.3"
          }
        },
        "cordova-registry-mapper": {
          "version": "1.1.15",
          "bundled": true,
          "dev": true
        },
        "elementtree": {
          "version": "0.1.7",
          "bundled": true,
          "dev": true,
          "requires": {
            "sax": "1.1.4"
          }
        },
        "glob": {
          "version": "5.0.15",
          "bundled": true,
          "dev": true,
          "requires": {
            "inflight": "^1.0.4",
            "inherits": "2",
            "minimatch": "2 || 3",
            "once": "^1.3.0",
            "path-is-absolute": "^1.0.0"
          }
        },
        "inflight": {
          "version": "1.0.6",
          "bundled": true,
          "dev": true,
          "requires": {
            "once": "^1.3.0",
            "wrappy": "1"
          }
        },
        "inherits": {
          "version": "2.0.3",
          "bundled": true,
          "dev": true
        },
        "lodash": {
          "version": "3.10.1",
          "bundled": true,
          "dev": true
        },
        "minimatch": {
          "version": "3.0.3",
          "bundled": true,
          "dev": true,
          "requires": {
            "brace-expansion": "^1.0.0"
          }
        },
        "nopt": {
          "version": "3.0.6",
          "bundled": true,
          "dev": true,
          "requires": {
            "abbrev": "1"
          }
        },
        "once": {
          "version": "1.4.0",
          "bundled": true,
          "dev": true,
          "requires": {
            "wrappy": "1"
          }
        },
        "os-homedir": {
          "version": "1.0.2",
          "bundled": true,
          "dev": true
        },
        "os-tmpdir": {
          "version": "1.0.2",
          "bundled": true,
          "dev": true
        },
        "osenv": {
          "version": "0.1.4",
          "bundled": true,
          "dev": true,
          "requires": {
            "os-homedir": "^1.0.0",
            "os-tmpdir": "^1.0.0"
          }
        },
        "path-is-absolute": {
          "version": "1.0.1",
          "bundled": true,
          "dev": true
        },
        "plist": {
          "version": "1.2.0",
          "bundled": true,
          "dev": true,
          "requires": {
            "base64-js": "0.0.8",
            "util-deprecate": "1.0.2",
            "xmlbuilder": "4.0.0",
            "xmldom": "0.1.x"
          }
        },
        "properties-parser": {
          "version": "0.2.3",
          "bundled": true,
          "dev": true
        },
        "q": {
          "version": "1.5.0",
          "bundled": true,
          "dev": true
        },
        "sax": {
          "version": "1.1.4",
          "bundled": true,
          "dev": true
        },
        "semver": {
          "version": "5.3.0",
          "bundled": true,
          "dev": true
        },
        "shelljs": {
          "version": "0.5.3",
          "bundled": true,
          "dev": true
        },
        "underscore": {
          "version": "1.8.3",
          "bundled": true,
          "dev": true
        },
        "unorm": {
          "version": "1.4.1",
          "bundled": true,
          "dev": true
        },
        "util-deprecate": {
          "version": "1.0.2",
          "bundled": true,
          "dev": true
        },
        "wrappy": {
          "version": "1.0.2",
          "bundled": true,
          "dev": true
        },
        "xmlbuilder": {
          "version": "4.0.0",
          "bundled": true,
          "dev": true,
          "requires": {
            "lodash": "^3.5.0"
          }
        },
        "xmldom": {
          "version": "0.1.27",
          "bundled": true,
          "dev": true
        }
      }
    },
    "cordova-plugin-browsertab": {
      "version": "0.2.0",
      "resolved": "https://registry.npmjs.org/cordova-plugin-browsertab/-/cordova-plugin-browsertab-0.2.0.tgz",
      "integrity": "sha512-c89xQKLRouX/r4UUxh0Ug0Lvn2ww7+mi9ueWDPAMIEniL0vOVTq94De3r75o5+bHewaExZ0Wy+0Op1+ZTSarVQ==",
      "dev": true
    },
    "cordova-plugin-compat": {
      "version": "1.2.0",
      "resolved": "https://registry.npmjs.org/cordova-plugin-compat/-/cordova-plugin-compat-1.2.0.tgz",
      "integrity": "sha512-TYN/aPjuU845R+7l2vUxmLji3Y4Y1kJrvPvi+GlPQ+jTIsfiVSL//PMvKEr9SC7m6b7t0LUMoJN3Fng0s8giGQ==",
      "dev": true
    },
    "cordova-plugin-deeplinks": {
      "version": "1.1.1",
      "resolved": "https://registry.npmjs.org/cordova-plugin-deeplinks/-/cordova-plugin-deeplinks-1.1.1.tgz",
      "integrity": "sha512-njXvQj7OOF8t7/jYsUjJ3TA/5d7J4RNzgX93ZQoNhJ2/Ta3k7N5/AubR0a+UJ2F6/7c3U7oh4UgcXHwTqxA+ew==",
      "dev": true,
      "requires": {
        "mkpath": ">=1.0.0",
        "node-version-compare": ">=1.0.1",
        "plist": ">=1.2.0",
        "rimraf": ">=2.4",
        "xml2js": ">=0.4"
      }
    },
    "cordova-plugin-whitelist": {
      "version": "1.3.5",
      "resolved": "https://registry.npmjs.org/cordova-plugin-whitelist/-/cordova-plugin-whitelist-1.3.5.tgz",
      "integrity": "sha512-+v/VzCYBdGsIxJTP2m+RWaq7l/NLu7b976w6XGJUFiN2TVOeaGrytaR4jRy0w9akRai8uKFeBmuGHmlS/sOeCA==",
      "dev": true
    },
    "fs.realpath": {
      "version": "1.0.0",
      "resolved": "https://registry.npmjs.org/fs.realpath/-/fs.realpath-1.0.0.tgz",
      "integrity": "sha512-OO0pH2lK6a0hZnAdau5ItzHPI6pUlvI7jMVnxUQRtw4owF2wk8lOSabtGDCTP4Ggrg2MbGnWO9X8K1t4+fGMDw==",
      "dev": true
    },
    "glob": {
      "version": "7.2.3",
      "resolved": "https://registry.npmjs.org/glob/-/glob-7.2.3.tgz",
      "integrity": "sha512-nFR0zLpU2YCaRxwoCJvL6UvCH2JFyFVIvwTLsIf21AuHlMskA1hhTdk+LlYJtOlYt9v6dvszD2BGRqBL+iQK9Q==",
      "dev": true,
      "requires": {
        "fs.realpath": "^1.0.0",
        "inflight": "^1.0.4",
        "inherits": "2",
        "minimatch": "^3.1.1",
        "once": "^1.3.0",
        "path-is-absolute": "^1.0.0"
      }
    },
    "inflight": {
      "version": "1.0.6",
      "resolved": "https://registry.npmjs.org/inflight/-/inflight-1.0.6.tgz",
      "integrity": "sha512-k92I/b08q4wvFscXCLvqfsHCrjrF7yiXsQuIVvVE7N82W3+aqpzuUdBbfhWcy/FZR3/4IgflMgKLOsvPDrGCJA==",
      "dev": true,
      "requires": {
        "once": "^1.3.0",
        "wrappy": "1"
      }
    },
    "inherits": {
      "version": "2.0.4",
      "resolved": "https://registry.npmjs.org/inherits/-/inherits-2.0.4.tgz",
      "integrity": "sha512-k/vGaX4/Yla3WzyMCvTQOXYeIHvqOKtnqBduzTHpzpQZzAskKMhZ2K+EnBiSM9zGSoIFeMpXKxa4dYeZIQqewQ==",
      "dev": true
    },
    "minimatch": {
      "version": "3.1.2",
      "resolved": "https://registry.npmjs.org/minimatch/-/minimatch-3.1.2.tgz",
      "integrity": "sha512-J7p63hRiAjw1NDEww1W7i37+ByIrOWO5XQQAzZ3VOcL0PNybwpfmV/N05zFAzwQ9USyEcX6t3UO+K5aqBQOIHw==",
      "dev": true,
      "requires": {
        "brace-expansion": "^1.1.7"
      }
    },
    "mkpath": {
      "version": "1.0.0",
      "resolved": "https://registry.npmjs.org/mkpath/-/mkpath-1.0.0.tgz",
      "integrity": "sha512-PbNHr7Y/9Y/2P5pKFv5XOGBfNQqZ+fdiHWcuf7swLACN5ZW5LU7J5tMU8LSBjpluAxAxKYGD9nnaIbdRy9+m1w==",
      "dev": true
    },
    "node-version-compare": {
      "version": "1.0.3",
      "resolved": "https://registry.npmjs.org/node-version-compare/-/node-version-compare-1.0.3.tgz",
      "integrity": "sha512-unO5GpBAh5YqeGULMLpmDT94oanSDMwtZB8KHTKCH/qrGv8bHN0mlDj9xQDAicCYXv2OLnzdi67lidCrcVotVw==",
      "dev": true
    },
    "once": {
      "version": "1.4.0",
      "resolved": "https://registry.npmjs.org/once/-/once-1.4.0.tgz",
      "integrity": "sha512-lNaJgI+2Q5URQBkccEKHTQOPaXdUxnZZElQTZY0MFUAuaEqe1E+Nyvgdz/aIyNi6Z9MzO5dv1H8n58/GELp3+w==",
      "dev": true,
      "requires": {
        "wrappy": "1"
      }
    },
    "path-is-absolute": {
      "version": "1.0.1",
      "resolved": "https://registry.npmjs.org/path-is-absolute/-/path-is-absolute-1.0.1.tgz",
      "integrity": "sha512-AVbw3UJ2e9bq64vSaS9Am0fje1Pa8pbGqTTsmXfaIiMpnr5DlDhfJOuLj9Sf95ZPVDAUerDfEk88MPmPe7UCQg==",
      "dev": true
    },
    "plist": {
      "version": "3.0.5",
      "resolved": "https://registry.npmjs.org/plist/-/plist-3.0.5.tgz",
      "integrity": "sha512-83vX4eYdQp3vP9SxuYgEM/G/pJQqLUz/V/xzPrzruLs7fz7jxGQ1msZ/mg1nwZxUSuOp4sb+/bEIbRrbzZRxDA==",
      "dev": true,
      "requires": {
        "base64-js": "^1.5.1",
        "xmlbuilder": "^9.0.7"
      }
    },
    "rimraf": {
      "version": "3.0.2",
      "resolved": "https://registry.npmjs.org/rimraf/-/rimraf-3.0.2.tgz",
      "integrity": "sha512-JZkJMZkAGFFPP2YqXZXPbMlMBgsxzE8ILs4lMIX/2o0L9UBw9O/Y3o6wFw/i9YLapcUJWwqbi3kdxIPdC62TIA==",
      "dev": true,
      "requires": {
        "glob": "^7.1.3"
      }
    },
    "sax": {
      "version": "1.2.4",
      "resolved": "https://registry.npmjs.org/sax/-/sax-1.2.4.tgz",
      "integrity": "sha512-NqVDv9TpANUjFm0N8uM5GxL36UgKi9/atZw+x7YFnQ8ckwFGKrl4xX4yWtrey3UJm5nP1kUbnYgLopqWNSRhWw==",
      "dev": true
    },
    "wrappy": {
      "version": "1.0.2",
      "resolved": "https://registry.npmjs.org/wrappy/-/wrappy-1.0.2.tgz",
      "integrity": "sha512-l4Sp/DRseor9wL6EvV2+TuQn63dMkPjZ/sp9XkghTEbV9KlPS1xUsZ3u7/IQO4wxtcFB4bgpQPRcR3QCvezPcQ==",
      "dev": true
    },
    "xml2js": {
      "version": "0.4.23",
      "resolved": "https://registry.npmjs.org/xml2js/-/xml2js-0.4.23.tgz",
      "integrity": "sha512-ySPiMjM0+pLDftHgXY4By0uswI3SPKLDw/i3UXbnO8M/p28zqexCUoPmQFrYD+/1BzhGJSs2i1ERWKJAtiLrug==",
      "dev": true,
      "requires": {
        "sax": ">=0.6.0",
        "xmlbuilder": "~11.0.0"
      },
      "dependencies": {
        "xmlbuilder": {
          "version": "11.0.1",
          "resolved": "https://registry.npmjs.org/xmlbuilder/-/xmlbuilder-11.0.1.tgz",
          "integrity": "sha512-fDlsI/kFEx7gLvbecc0/ohLG50fugQp8ryHzMTuW9vSa1GJ0XYWKnhsUx7oie3G98+r56aTQIUB4kht42R3JvA==",
          "dev": true
        }
      }
    },
    "xmlbuilder": {
      "version": "9.0.7",
      "resolved": "https://registry.npmjs.org/xmlbuilder/-/xmlbuilder-9.0.7.tgz",
      "integrity": "sha512-7YXTQc3P2l9+0rjaUbLwMKRhtmwg1M1eDf6nag7urC7pIPYLD9W/jmzQ4ptRSUbodw5S0jfoGTflLemQibSpeQ==",
      "dev": true
    }
  }
}
